52a3ac5a8e761f38605cd6ce7ccfd3258001c82f8bdf713f8f8c3f3e232c8533  textbooks/Bislama%20Spelling%20Dictionary_2007.pdf
9a5d01de8bcbac9724bedfdd3d976809e8f8577cc49d73c12b72b0fbc67b4800  textbooks/Identifying%20Students%20with%20Disabilities%20(Bislama)_2014.pdf
58b20159a18a2759018c28ca5f06a2cba84b5bc7b4c20b6e2ae32da39824fa2d  textbooks/Identifying%20Students%20with%20Disabilities%20(English)_2014.pdf
3cb392ad08533e5079bdb5dd23e3e488100dfcff8496a19321bff227b5f52c90  textbooks/Laef%20long%20Komyuniti_2017.pdf
b7541ccb71b2df6302cab7ad53548c24149df3fec393727ac384d31e778fd9c1  textbooks/Lanwis%20mo%20Komyunikesen_2017.pdf
59c1ecc92cd0968ae63d5b32322ced6984f06896ec845ebbf7a5b34523b3dfb1  textbooks/Les%20Normes%20Harmonisees%20des%20Ecoles%20de%20Vanuatu%20Affiche_2025.pdf
c3cfffccd76556faabd83cfc4a5631897a9f9764daae792c4aa311b85a7002c1  textbooks/Les%20Normes%20Harmonisees%20des%20Ecoles%20de%20Vanuatu%20Banni%c3%a8re_2025.pdf
bf675b5861ff5676eebecb34ded051bb2c58d1900209d48daf20e995b468abc6  textbooks/Les%20Normes%20Harmonisees%20des%20Ecoles%20de%20Vanuatu%20Brochure_2025.pdf
2b7aa33d2ee0a81d9512e4f141c208bfc04a0abdf6d5bf77d58356a31cf22ec6  textbooks/Matematiks_2017.pdf
8386b3bdbbf0d7b9d3b18e2124197e8cc04e6fdc4bc42c1d5724df8629605731  textbooks/Operation%20Guidelines%20for%20School%20Principals%20English%20Version_2025.pdf
39c06696be601315513d31a7a577f210a5fd64f9248ed63030ed2d701893e8f1  textbooks/Operation%20Guidelines%20for%20School%20Principals%20French%20version_2025.pdf
7d866b2afbeb31e50edfa7bf1ae7b7cb6236c7a247cc0d3da3485efbe2f1c8e2  textbooks/Peace%20Corps%20Bislama%20Handbook_2014.pdf
4677a217905a12da952dd013a674da016e3d3f2b5909a96a59cac921fd08c9df  textbooks/Read%20Pacific%20Catalogue_2015-2016.pdf
1e457d222c87db1ed6d247455314d4d7caa1cf27b26f448f99df375eae5c59fe  textbooks/Saens_2017.pdf
aa8645ae83b43719af11a349dd802ec8c3b93483f4214efc246d0c59ea8d8241  textbooks/Vanuatu%20Harmonised%20School%20Standards%20%20Poster%20English%20Version%202_2025.pdf
c1030db1ab7ace7895a331abade729fb06f32af15047b5bab0cd30c1e7e69c41  textbooks/Vanuatu%20Harmonised%20School%20Standards%20Pull%20Up%20Banner%20English%20Version%201_2025.pdf
350d25206f40fd4c33b3be98b4f91872f38dacf0f7007b22162f73b2cf6a132b  textbooks/Vanuatu%20Harmonized%20School%20Standards%20Pamphlet%20English%20Version%201_2025.pdf
477d23b4229b7d0051abb524bc0b2edbd3f3fd2151b8a5eec596eab4778f2467  covid-updates/2020_03_01_NDMO_Direction_15_on_the_Closing_of_the_Schools.pdf
820ac354fb7f1c1d17e61e79cfb2e60b9f191853fde563f402800aad83063897  covid-updates/2020_03_18_MoET_-_COVID_-_19_Advisory_Message_to_all_MoET_Staff.pdf
2ae453ec6d6571b886aa7feca2547b0f88a2d48a0b6ea4ccf64312159776c37e  covid-updates/2020_03_20_MoET_-_Approval_of_Emergency_Operation_Structure.pdf
71a74dbd6f408e7dd60646499d84d8db8d50511416a52f36862d020717c14567  covid-updates/2020_03_21_MoET_Advisory_No1_to_PEOs.pdf
97d874d9a404754d4200cd9375f9356c6d82904a335f0e8bf3d0ed89142d5534  covid-updates/2020_03_21_MoET_Reassurance_Note_to_Parents_-_Tertiary_Education.pdf
189fecf3c31cbbc2180c9dfe58d2fdd2824b680aaf420e81815e67b782e214ad  covid-updates/2020_03_22_Declaration_Holiday_for_Schools_in_SANMA_SHEFA_&amp;_TAFEA_Order_No._32_of_2020.pdf
280810d8ac167f9e8d68ee9e24fdfdcd5a9977f53998172a992bd3323209a476  covid-updates/2020_03_31_TSC_Circular_No_1_of_2020.pdf
ada48b8472b16cdabb63852e1a4680d709e955fb6d251beee7e61bdfe5e45f4c  covid-updates/2020_04_03_COVID-19_Prevention_and_Control_in_Schools.pdf
93faccd28c353fdd64b4b891958ce723c73753a738d1394543796edd5195deb2  covid-updates/2020_04_03_Pr%c3%a9vention_et_Contr%c3%b4le_du_COVID-19_dans_les_Ecoles.pdf
5c1c32ca07a46a54e699304f1d41c132d8f15c1219deac050dafe28d6c9a67dd  covid-updates/2020_04_07_MoET%20EOC%20Sitrep%2001%20-%20TC%20Harold.pdf
48d369a44be9cd5f604880333731aa90d73ea01d15683692aec3330a6a36c9af  covid-updates/2020_04_24_MoET%20EOC%20Sitrep%2002%20-%20TC%20Harold-Covid%2019-Yasur%20Volcano%20Ash%20Fall.pdf
a66371c9826c2e5d6d2ccde5e18a982faa62965b3e4084f58c99192a2fbc258b  covid-updates/2020_04_29_COVID-19_Prevention_and_Control_in_Schools.pdf
7e9cc9f62b6f406fa87c304cc6d8f12be226c2a9485ebe20f709238e99b4b1b7  covid-updates/2020_04_29_Pr%c3%a9vention_et_Contr%c3%b4le_du_COVID-19_dans_les_Ecoles.pdf
a169a1a18e5530bccd2d70aab0d05c8fa3b75b75432df810ac7925cf80cf7a5b  covid-updates/2020_05_05_MoET%20EOC%20Sitrep%2003%20-%20TC%20Harold-Covid%2019-Yasur%20Volcano%20Ash%20Fall.pdf
a6364e9c541a54a486bceb2d32d79ecfa7bc05b8644f708f4ccaa797d45c3873  covid-updates/2020_05_07_MoET_Covid-19_Contingeny_Plan_2020.pdf
db9dc782af27a4ac090546374003ec03df258dbc6e2df989e8908b3e96f40816  covid-updates/2020_05_12_MoET%20EOC%20Sitrep%2004%20-%20TC%20Harold-Covid%2019-Yasur%20Volcano%20Ash%20Fall-NW%20Tanna%20Drought.pdf
0bc652b0b04e1f27d53432337a459387be51d85e8c9dc8dc9b3243f1c77faac1  covid-updates/2020_05_13_MoET%20EOC%20Sitrep%2005%20-%20TC%20Harold-Covid%2019-Yasur%20Volcano%20Ash%20Fall-NW%20Tanna%20Drought.pdf
21f9f059a6cc2cc9a47550067a5c3c52b1da44a892814161a46df22fa8cb2688  covid-updates/2020_05_20_COVID-19_Prevention_and_Control_in_Schools.pdf
01d73a3a2cde22a350e610e54e364d314e7054da59317762182f688def4cbb83  covid-updates/2020_05_20_MoET%20EOC%20Sitrep%2006%20-%20TC%20Harold-Covid%2019-Yasur%20Volcano%20Ash%20Fall-NW%20Tanna%20Drought.pdf
f9ce761800d229ff41e1cf882fabf835bd4640e71a03a7a46f918c56611e0487  covid-updates/2020_05_20_Pr%c3%a9vention_et_Contr%c3%b4le_du_COVID-19_dans_les_Ecoles.pdf
604e274414afca06c83085c5f1d4177f94526edc34f6dcd94bc14b8fa6b97268  covid-updates/2020_05_20_Prevensen%20mo%20kontrol%20blong%20COVID-19%20long%20ol%20skuls.pdf
0bd45dad443a3a450e3cc7a646f07e82690fa7b25766d269ed767fd7af3699ae  covid-updates/2020_05_27_MoET%20EOC%20Sitrep%2007%20-%20TC%20Harold-Covid%2019-Yasur%20Volcano%20Ash%20Fall-NW%20Tanna%20Drought.pdf
a4327c79201866a20ec3a0c0b3331773e331d099856051c29564e6bfd4ad3493  covid-updates/2022_03_05_MoET%20Temporary%20Office%20Closure.pdf
4af384c153ed8c9bbde5a0dcbf12ce23b0cba0ef3c5f7231c4a2d150b876935d  covid-updates/2022_03_05_Press%20Statement%20to%20Schools%20on%20Alert%20Level%202.pdf
be8cb89f55c4fed11b339c7bb4f9126dda567fec8879abfd12b69e98eb9369d0  covid-updates/College%20Kit%20dapprentissage%20-%20Theme%201-3.pdf
7a08182c7200eada1e1d4bf8b83e4bafd276f6234e57d6424b66e6e9da298ac0  covid-updates/ECCE%20Home%20School%20Package%20-Bislama.pdf
fe8edfc48ac23322bcabe94ac9aec897c403dbb8e760353250ca058e579ad10d  covid-updates/ECCE%20Parent's%20Guide%20Poster%20-%20Bislama.pdf
ca4424bad28ad03d5939e01eb7c43394e96ab85d13c6e5a0847c216b2bc03662  covid-updates/ECCE%20Phonics%20Poster.pdf
2881e3c18daca77dc537e120fbe2a2d028ba12dfba54290b5f827f7e89d5f798  covid-updates/Guide%20r%c3%a9ouverture%20s%c3%a9curis%c3%a9e%20des%20institutions%20scolaires.pdf
f2af06cd3b2f9befb718b2e396b7c8f44b73e2b0858e51bf934b4235ed1348bb  covid-updates/Junior%20Secondary%20Home%20School%20Package%20-%20English.pdf
10621a0a920695b4054ee8a0ac17c0072619c6998628c29885f381b94deb9c7c  covid-updates/Moderna_Vaccine_FAQ_(All_Languages).pdf
db30bb37075d8ae8a54941d8217e304bbe5c9be790f3d7fcd7910749b6446af9  covid-updates/Ol%20Skul%20i%20Sef%20blong%20Open%20Bagegen.pdf
46f1c4639ace7c88bcac79b0021c693d1e5e8f13b77508b6d48bbb280c8a4381  covid-updates/Parents'%20Guide%20Poster.pdf
49502e1bf693a2450ca6c79c0b14010f930cd9ef6ee6791b49cdd3a304d720a2  covid-updates/Primary%20Years%20Home%20School%20Package%20-%20French%20-%20Bislama.pdf
1c101f226debaec1265a2626e1d56e722e6fb6b019e3eb4a039e24dc9a3eb7e2  covid-updates/Primary%20Years%20Home%20School%20Package%20-English-%20Bislama.pdf
e29f29bf10971b3852f9bd1633143ea3786cbd572b7f299d636cb5f1037b4a80  covid-updates/Progress%20report%2001%20-%20COVID-19%20Contingency%20Plan.pdf
8f1d8a6950b038f1c87e1e8e1c97615d763117ba0832b808d7b8340f9648b717  covid-updates/Progress%20report%2002%20-%20COVID-19%20Contingency%20Plan.pdf
b4ec51d0a39f968dfdb018fc050aaf63700e73cf4ab1a69f6eb30e7fdaebf2b0  covid-updates/Progress%20report%2003%20-%20COVID-19%20Contingency%20Plan.pdf
d500e117170647374f2054cce76a2bcd49b39d753e929da86ad94c0ac514e4c2  covid-updates/Progress%20report%2004%20-%20COVID-19%20Contingency%20Plan.pdf
fae6074a93803b511615f63555e4bc6b588d27639ace9587052b43b6e266efee  covid-updates/Progress%20report%2005%20-%20COVID-19%20Contingency%20Plan.pdf
3bbe05c70aac89224cbc14c25cfe90983036cd1b8b01fadf9666f2dcc69fb5f5  covid-updates/Progress%20report%2007%20-%20COVID-19%20Contingency%20Plan.pdf
519337071539063d1dcfc03582ce21c6cf589f573559dccf3d2aec4d08e01745  covid-updates/Safe%20School%20Reopening%20Guideline%20for%20Vanuatu.pdf
a4232484a84ec5bdf3631883220b1489c9d5e031cd7851beb9148bfe32d80736  covid-updates/Vaccine_Consent_Form_(Bislama).pdf
f68bae381ed8892ad894574d0c5ac434c2dec877e3aa15930c2f805cac06fbaa  covid-updates/Vaccine_Consent_Form_(English).pdf
8389c2cd7d899471b2b72222728a6a8da3a7f5767ef2e046e610637aad35d828  covid-updates/Vaccine_Consent_Form_(French).pdf
8c9030fe9327df42e3b5bf2fb77d4f6606a17d74255a709ab6cfbe60f6a97c3d  ecce-school-packages/ECCE%20Home%20School%20Package_2024.pdf
